<?xml version="1.0" encoding="utf-8"?>
<Project ToolsVersion="4.0" xmlns="http://schemas.microsoft.com/developer/msbuild/2003">
  <ItemGroup>
    <ClCompile Include="..\src\Window\window.cpp">
      <Filter>Window</Filter>
    </ClCompile>
    <ClCompile Include="..\src\Renderer\renderer.cpp">
      <Filter>Renderer</Filter>
    </ClCompile>
    <ClCompile Include="..\src\BaseGame\baseGame.cpp">
      <Filter>BaseGame</Filter>
    </ClCompile>
  </ItemGroup>
  <ItemGroup>
    <Filter Include="Window">
      <UniqueIdentifier>{1cd8a2f0-84cb-4eaf-a120-3380ab4d1af4}</UniqueIdentifier>
    </Filter>
    <Filter Include="Renderer">
      <UniqueIdentifier>{97d18cdb-69d8-4854-8c5b-d3bb8493d810}</UniqueIdentifier>
    </Filter>
    <Filter Include="BaseGame">
      <UniqueIdentifier>{b55f8235-b2d9-4553-8b24-97b26749939a}</UniqueIdentifier>
    </Filter>
  </ItemGroup>
  <ItemGroup>
    <ClInclude Include="..\src\Window\window.h">
      <Filter>Window</Filter>
    </ClInclude>
    <ClInclude Include="..\src\Renderer\renderer.h">
      <Filter>Renderer</Filter>
    </ClInclude>
    <ClInclude Include="..\src\BaseGame\baseGame.h">
      <Filter>BaseGame</Filter>
    </ClInclude>
    <ClInclude Include="..\src\exports.h" />
  </ItemGroup>
</Project>